// !$*UTF8*$!
{
	archiveVersion = 1;
	classes = {
	};
	objectVersion = 51;
	objects = {

/* Begin PBXBuildFile section */
		7448A753C998D720584D5B60 /* Pods_VideoTimeLine.framework in Frameworks */ = {isa = PBXBuildFile; fileRef = AB887D7E85B4DBB54799D806 /* Pods_VideoTimeLine.framework */; };
		78198E3B230FA61400505B7E /* LocationViewController.swift in Sources */ = {isa = PBXBuildFile; fileRef = 78198E3A230FA61400505B7E /* LocationViewController.swift */; };
		78198E3D230FA6ED00505B7E /* Location.storyboard in Resources */ = {isa = PBXBuildFile; fileRef = 78198E3C230FA6ED00505B7E /* Location.storyboard */; };
		7855AE932312731D00A1ADAE /* 588411524.751567.mp4 in Resources */ = {isa = PBXBuildFile; fileRef = 7855AE922312731B00A1ADAE /* 588411524.751567.mp4 */; };
		785D0243230A4794003545B9 /* AppDelegate.swift in Sources */ = {isa = PBXBuildFile; fileRef = 785D0242230A4794003545B9 /* AppDelegate.swift */; };
		785D0245230A4794003545B9 /* ViewController.swift in Sources */ = {isa = PBXBuildFile; fileRef = 785D0244230A4794003545B9 /* ViewController.swift */; };
		785D0248230A4794003545B9 /* Main.storyboard in Resources */ = {isa = PBXBuildFile; fileRef = 785D0246230A4794003545B9 /* Main.storyboard */; };
		785D024A230A4796003545B9 /* Assets.xcassets in Resources */ = {isa = PBXBuildFile; fileRef = 785D0249230A4796003545B9 /* Assets.xcassets */; };
		785D024D230A4796003545B9 /* LaunchScreen.storyboard in Resources */ = {isa = PBXBuildFile; fileRef = 785D024B230A4796003545B9 /* LaunchScreen.storyboard */; };
		785D0258230A4796003545B9 /* VideoTimeLineTests.swift in Sources */ = {isa = PBXBuildFile; fileRef = 785D0257230A4796003545B9 /* VideoTimeLineTests.swift */; };
		785D0263230A4796003545B9 /* VideoTimeLineUITests.swift in Sources */ = {isa = PBXBuildFile; fileRef = 785D0262230A4796003545B9 /* VideoTimeLineUITests.swift */; };
		785D0273230A5C6A003545B9 /* GoogleService-Info.plist in Resources */ = {isa = PBXBuildFile; fileRef = 785D0272230A5C69003545B9 /* GoogleService-Info.plist */; };
		785D0275230A64D5003545B9 /* LoginViewController.swift in Sources */ = {isa = PBXBuildFile; fileRef = 785D0274230A64D5003545B9 /* LoginViewController.swift */; };
		785D027A230A7F0E003545B9 /* Login.storyboard in Resources */ = {isa = PBXBuildFile; fileRef = 785D0279230A7F0E003545B9 /* Login.storyboard */; };
		785D027C230A7F3F003545B9 /* Signup.storyboard in Resources */ = {isa = PBXBuildFile; fileRef = 785D027B230A7F3F003545B9 /* Signup.storyboard */; };
		785D027E230A93AD003545B9 /* SignUpViewController.swift in Sources */ = {isa = PBXBuildFile; fileRef = 785D027D230A93AD003545B9 /* SignUpViewController.swift */; };
		78916E10230E1A58003A1510 /* Profile.storyboard in Resources */ = {isa = PBXBuildFile; fileRef = 78916E0F230E1A58003A1510 /* Profile.storyboard */; };
		78916E12230E20D4003A1510 /* CircleImage.swift in Sources */ = {isa = PBXBuildFile; fileRef = 78916E11230E20D3003A1510 /* CircleImage.swift */; };
		78916E14230E2538003A1510 /* EditViewController.swift in Sources */ = {isa = PBXBuildFile; fileRef = 78916E13230E2538003A1510 /* EditViewController.swift */; };
		78916E1B230EB444003A1510 /* TableViewCell.swift in Sources */ = {isa = PBXBuildFile; fileRef = 78916E19230EB443003A1510 /* TableViewCell.swift */; };
		789B07A7230AA5C600D938DA /* Home.storyboard in Resources */ = {isa = PBXBuildFile; fileRef = 789B07A6230AA5C600D938DA /* Home.storyboard */; };
		789B07B1230AC8FC00D938DA /* Owl - 18244.mp4 in Resources */ = {isa = PBXBuildFile; fileRef = 789B07B0230AC8FB00D938DA /* Owl - 18244.mp4 */; };
		78BBB279230D3E7200BF6A9B /* PostViewController.swift in Sources */ = {isa = PBXBuildFile; fileRef = 78BBB278230D3E7200BF6A9B /* PostViewController.swift */; };
		78DFEED523137090005A9031 /* Help.storyboard in Resources */ = {isa = PBXBuildFile; fileRef = 78DFEED423137090005A9031 /* Help.storyboard */; };
		78DFEED9231370C9005A9031 /* Tos.storyboard in Resources */ = {isa = PBXBuildFile; fileRef = 78DFEED8231370C9005A9031 /* Tos.storyboard */; };
		78DFEEDB231370E9005A9031 /* Data.storyboard in Resources */ = {isa = PBXBuildFile; fileRef = 78DFEEDA231370E9005A9031 /* Data.storyboard */; };
		78DFEEDD2313711C005A9031 /* Privacy.storyboard in Resources */ = {isa = PBXBuildFile; fileRef = 78DFEEDC2313711C005A9031 /* Privacy.storyboard */; };
		78DFEEE12313813F005A9031 /* HelpViewController.swift in Sources */ = {isa = PBXBuildFile; fileRef = 78DFEEE02313813F005A9031 /* HelpViewController.swift */; };
		78DFEEE32313859A005A9031 /* DataViewController.swift in Sources */ = {isa = PBXBuildFile; fileRef = 78DFEEE22313859A005A9031 /* DataViewController.swift */; };
		78DFEEE5231386DC005A9031 /* TosViewController.swift in Sources */ = {isa = PBXBuildFile; fileRef = 78DFEEE4231386DC005A9031 /* TosViewController.swift */; };
		78DFEEE723138BC8005A9031 /* PrivacyViewController.swift in Sources */ = {isa = PBXBuildFile; fileRef = 78DFEEE623138BC8005A9031 /* PrivacyViewController.swift */; };
		78F4FE38230B857000510537 /* HomeTabBarController.swift in Sources */ = {isa = PBXBuildFile; fileRef = 78F4FE37230B856F00510537 /* HomeTabBarController.swift */; };
		78F4FE3A230B8DAE00510537 /* HomeTabBarController.swift in Sources */ = {isa = PBXBuildFile; fileRef = 78F4FE39230B8DAE00510537 /* HomeTabBarController.swift */; };
		78F4FE44230BD36A00510537 /* FriendsViewController.swift in Sources */ = {isa = PBXBuildFile; fileRef = 78F4FE43230BD36A00510537 /* FriendsViewController.swift */; };
		78F4FE46230BD47300510537 /* TimeLineViewController.swift in Sources */ = {isa = PBXBuildFile; fileRef = 78F4FE45230BD47300510537 /* TimeLineViewController.swift */; };
		78F4FE48230BD58F00510537 /* SettingViewController.swift in Sources */ = {isa = PBXBuildFile; fileRef = 78F4FE47230BD58E00510537 /* SettingViewController.swift */; };
		F78605BA58366E04382F6B11 /* Pods_VideoTimeLineTests.framework in Frameworks */ = {isa = PBXBuildFile; fileRef = F622D0E6F2B004E0F6FD5B72 /* Pods_VideoTimeLineTests.framework */; };
		FB049DDC56754962C009736F /* Pods_VideoTimeLineUITests.framework in Frameworks */ = {isa = PBXBuildFile; fileRef = B63554BA5A5F37EAD3540219 /* Pods_VideoTimeLineUITests.framework */; };
/* End PBXBuildFile section */

/* Begin PBXContainerItemProxy section */
		785D0254230A4796003545B9 /* PBXContainerItemProxy */ = {
			isa = PBXContainerItemProxy;
			containerPortal = 785D0237230A4794003545B9 /* Project object */;
			proxyType = 1;
			remoteGlobalIDString = 785D023E230A4794003545B9;
			remoteInfo = VideoTimeLine;
		};
		785D025F230A4796003545B9 /* PBXContainerItemProxy */ = {
			isa = PBXContainerItemProxy;
			containerPortal = 785D0237230A4794003545B9 /* Project object */;
			proxyType = 1;
			remoteGlobalIDString = 785D023E230A4794003545B9;
			remoteInfo = VideoTimeLine;
		};
/* End PBXContainerItemProxy section */

/* Begin PBXFileReference section */
		215F94F8B66EF11CA9070A9C /* Pods-VideoTimeLine.debug.xcconfig */ = {isa = PBXFileReference; includeInIndex = 1; lastKnownFileType = text.xcconfig; name = "Pods-VideoTimeLine.debug.xcconfig"; path = "Target Support Files/Pods-VideoTimeLine/Pods-VideoTimeLine.debug.xcconfig"; sourceTree = "<group>"; };
		2D7A7D054578A4AAD95A4A45 /* Pods-VideoTimeLineTests.release.xcconfig */ = {isa = PBXFileReference; includeInIndex = 1; lastKnownFileType = text.xcconfig; name = "Pods-VideoTimeLineTests.release.xcconfig"; path = "Target Support Files/Pods-VideoTimeLineTests/Pods-VideoTimeLineTests.release.xcconfig"; sourceTree = "<group>"; };
		3B5D72E1DF25D863B3C11C37 /* Pods-VideoTimeLineUITests.release.xcconfig */ = {isa = PBXFileReference; includeInIndex = 1; lastKnownFileType = text.xcconfig; name = "Pods-VideoTimeLineUITests.release.xcconfig"; path = "Target Support Files/Pods-VideoTimeLineUITests/Pods-VideoTimeLineUITests.release.xcconfig"; sourceTree = "<group>"; };
		5F39F0606D6552D68721B883 /* Pods-VideoTimeLineUITests.debug.xcconfig */ = {isa = PBXFileReference; includeInIndex = 1; lastKnownFileType = text.xcconfig; name = "Pods-VideoTimeLineUITests.debug.xcconfig"; path = "Target Support Files/Pods-VideoTimeLineUITests/Pods-VideoTimeLineUITests.debug.xcconfig"; sourceTree = "<group>"; };
		78198E3A230FA61400505B7E /* LocationViewController.swift */ = {isa = PBXFileReference; lastKnownFileType = sourcecode.swift; path = LocationViewController.swift; sourceTree = "<group>"; };
		78198E3C230FA6ED00505B7E /* Location.storyboard */ = {isa = PBXFileReference; lastKnownFileType = file.storyboard; path = Location.storyboard; sourceTree = "<group>"; };
		7855AE922312731B00A1ADAE /* 588411524.751567.mp4 */ = {isa = PBXFileReference; lastKnownFileType = file; path = 588411524.751567.mp4; sourceTree = "<group>"; };
		785D023F230A4794003545B9 /* VideoTimeLine.app */ = {isa = PBXFileReference; explicitFileType = wrapper.application; includeInIndex = 0; path = VideoTimeLine.app; sourceTree = BUILT_PRODUCTS_DIR; };
		785D0242230A4794003545B9 /* AppDelegate.swift */ = {isa = PBXFileReference; lastKnownFileType = sourcecode.swift; path = AppDelegate.swift; sourceTree = "<group>"; };
		785D0244230A4794003545B9 /* ViewController.swift */ = {isa = PBXFileReference; lastKnownFileType = sourcecode.swift; path = ViewController.swift; sourceTree = "<group>"; };
		785D0247230A4794003545B9 /* Base */ = {isa = PBXFileReference; lastKnownFileType = file.storyboard; name = Base; path = Base.lproj/Main.storyboard; sourceTree = "<group>"; };
		785D0249230A4796003545B9 /* Assets.xcassets */ = {isa = PBXFileReference; lastKnownFileType = folder.assetcatalog; path = Assets.xcassets; sourceTree = "<group>"; };
		785D024C230A4796003545B9 /* Base */ = {isa = PBXFileReference; lastKnownFileType = file.storyboard; name = Base; path = Base.lproj/LaunchScreen.storyboard; sourceTree = "<group>"; };
		785D024E230A4796003545B9 /* Info.plist */ = {isa = PBXFileReference; lastKnownFileType = text.plist.xml; path = Info.plist; sourceTree = "<group>"; };
		785D0253230A4796003545B9 /* VideoTimeLineTests.xctest */ = {isa = PBXFileReference; explicitFileType = wrapper.cfbundle; includeInIndex = 0; path = VideoTimeLineTests.xctest; sourceTree = BUILT_PRODUCTS_DIR; };
		785D0257230A4796003545B9 /* VideoTimeLineTests.swift */ = {isa = PBXFileReference; lastKnownFileType = sourcecode.swift; path = VideoTimeLineTests.swift; sourceTree = "<group>"; };
		785D0259230A4796003545B9 /* Info.plist */ = {isa = PBXFileReference; lastKnownFileType = text.plist.xml; path = Info.plist; sourceTree = "<group>"; };
		785D025E230A4796003545B9 /* VideoTimeLineUITests.xctest */ = {isa = PBXFileReference; explicitFileType = wrapper.cfbundle; includeInIndex = 0; path = VideoTimeLineUITests.xctest; sourceTree = BUILT_PRODUCTS_DIR; };
		785D0262230A4796003545B9 /* VideoTimeLineUITests.swift */ = {isa = PBXFileReference; lastKnownFileType = sourcecode.swift; path = VideoTimeLineUITests.swift; sourceTree = "<group>"; };
		785D0264230A4796003545B9 /* Info.plist */ = {isa = PBXFileReference; lastKnownFileType = text.plist.xml; path = Info.plist; sourceTree = "<group>"; };
		785D0272230A5C69003545B9 /* GoogleService-Info.plist */ = {isa = PBXFileReference; fileEncoding = 4; lastKnownFileType = text.plist.xml; path = "GoogleService-Info.plist"; sourceTree = "<group>"; };
		785D0274230A64D5003545B9 /* LoginViewController.swift */ = {isa = PBXFileReference; lastKnownFileType = sourcecode.swift; path = LoginViewController.swift; sourceTree = "<group>"; };
		785D0279230A7F0E003545B9 /* Login.storyboard */ = {isa = PBXFileReference; lastKnownFileType = file.storyboard; path = Login.storyboard; sourceTree = "<group>"; };
		785D027B230A7F3F003545B9 /* Signup.storyboard */ = {isa = PBXFileReference; lastKnownFileType = file.storyboard; path = Signup.storyboard; sourceTree = "<group>"; };
		785D027D230A93AD003545B9 /* SignUpViewController.swift */ = {isa = PBXFileReference; lastKnownFileType = sourcecode.swift; path = SignUpViewController.swift; sourceTree = "<group>"; };
		78916E0F230E1A58003A1510 /* Profile.storyboard */ = {isa = PBXFileReference; lastKnownFileType = file.storyboard; path = Profile.storyboard; sourceTree = "<group>"; };
		78916E11230E20D3003A1510 /* CircleImage.swift */ = {isa = PBXFileReference; lastKnownFileType = sourcecode.swift; path = CircleImage.swift; sourceTree = "<group>"; };
		78916E13230E2538003A1510 /* EditViewController.swift */ = {isa = PBXFileReference; lastKnownFileType = sourcecode.swift; path = EditViewController.swift; sourceTree = "<group>"; };
		78916E19230EB443003A1510 /* TableViewCell.swift */ = {isa = PBXFileReference; lastKnownFileType = sourcecode.swift; path = TableViewCell.swift; sourceTree = "<group>"; };
		789B07A6230AA5C600D938DA /* Home.storyboard */ = {isa = PBXFileReference; lastKnownFileType = file.storyboard; path = Home.storyboard; sourceTree = "<group>"; };
		789B07B0230AC8FB00D938DA /* Owl - 18244.mp4 */ = {isa = PBXFileReference; lastKnownFileType = file; path = "Owl - 18244.mp4"; sourceTree = "<group>"; };
		78BBB278230D3E7200BF6A9B /* PostViewController.swift */ = {isa = PBXFileReference; lastKnownFileType = sourcecode.swift; path = PostViewController.swift; sourceTree = "<group>"; };
		78DFEED423137090005A9031 /* Help.storyboard */ = {isa = PBXFileReference; lastKnownFileType = file.storyboard; path = Help.storyboard; sourceTree = "<group>"; };
		78DFEED8231370C9005A9031 /* Tos.storyboard */ = {isa = PBXFileReference; lastKnownFileType = file.storyboard; path = Tos.storyboard; sourceTree = "<group>"; };
		78DFEEDA231370E9005A9031 /* Data.storyboard */ = {isa = PBXFileReference; lastKnownFileType = file.storyboard; path = Data.storyboard; sourceTree = "<group>"; };
		78DFEEDC2313711C005A9031 /* Privacy.storyboard */ = {isa = PBXFileReference; lastKnownFileType = file.storyboard; path = Privacy.storyboard; sourceTree = "<group>"; };
		78DFEEE02313813F005A9031 /* HelpViewController.swift */ = {isa = PBXFileReference; lastKnownFileType = sourcecode.swift; path = HelpViewController.swift; sourceTree = "<group>"; };
		78DFEEE22313859A005A9031 /* DataViewController.swift */ = {isa = PBXFileReference; lastKnownFileType = sourcecode.swift; path = DataViewController.swift; sourceTree = "<group>"; };
		78DFEEE4231386DC005A9031 /* TosViewController.swift */ = {isa = PBXFileReference; lastKnownFileType = sourcecode.swift; path = TosViewController.swift; sourceTree = "<group>"; };
		78DFEEE623138BC8005A9031 /* PrivacyViewController.swift */ = {isa = PBXFileReference; lastKnownFileType = sourcecode.swift; path = PrivacyViewController.swift; sourceTree = "<group>"; };
		78F4FE37230B856F00510537 /* HomeTabBarController.swift */ = {isa = PBXFileReference; lastKnownFileType = sourcecode.swift; name = HomeTabBarController.swift; path = /Users/nakamurayasusuke/Desktop/VideoTimeLine/VideoTimeLine/HomeViewControllers/HomeTabBarController.swift; sourceTree = "<absolute>"; };
		78F4FE39230B8DAE00510537 /* HomeTabBarController.swift */ = {isa = PBXFileReference; lastKnownFileType = sourcecode.swift; name = HomeTabBarController.swift; path = /Users/nakamurayasusuke/Desktop/VideoTimeLine/VideoTimeLine/HomeViewControllers/HomeTabBarController.swift; sourceTree = "<absolute>"; };
		78F4FE43230BD36A00510537 /* FriendsViewController.swift */ = {isa = PBXFileReference; lastKnownFileType = sourcecode.swift; path = FriendsViewController.swift; sourceTree = "<group>"; };
		78F4FE45230BD47300510537 /* TimeLineViewController.swift */ = {isa = PBXFileReference; lastKnownFileType = sourcecode.swift; path = TimeLineViewController.swift; sourceTree = "<group>"; };
		78F4FE47230BD58E00510537 /* SettingViewController.swift */ = {isa = PBXFileReference; lastKnownFileType = sourcecode.swift; path = SettingViewController.swift; sourceTree = "<group>"; };
		AB887D7E85B4DBB54799D806 /* Pods_VideoTimeLine.framework */ = {isa = PBXFileReference; explicitFileType = wrapper.framework; includeInIndex = 0; path = Pods_VideoTimeLine.framework; sourceTree = BUILT_PRODUCTS_DIR; };
		B37CBBA58617798FDF3A6621 /* Pods-VideoTimeLine.release.xcconfig */ = {isa = PBXFileReference; includeInIndex = 1; lastKnownFileType = text.xcconfig; name = "Pods-VideoTimeLine.release.xcconfig"; path = "Target Support Files/Pods-VideoTimeLine/Pods-VideoTimeLine.release.xcconfig"; sourceTree = "<group>"; };
		B63554BA5A5F37EAD3540219 /* Pods_VideoTimeLineUITests.framework */ = {isa = PBXFileReference; explicitFileType = wrapper.framework; includeInIndex = 0; path = Pods_VideoTimeLineUITests.framework; sourceTree = BUILT_PRODUCTS_DIR; };
		ED702CBD80D05DFC0C52065B /* Pods-VideoTimeLineTests.debug.xcconfig */ = {isa = PBXFileReference; includeInIndex = 1; lastKnownFileType = text.xcconfig; name = "Pods-VideoTimeLineTests.debug.xcconfig"; path = "Target Support Files/Pods-VideoTimeLineTests/Pods-VideoTimeLineTests.debug.xcconfig"; sourceTree = "<group>"; };
		F622D0E6F2B004E0F6FD5B72 /* Pods_VideoTimeLineTests.framework */ = {isa = PBXFileReference; explicitFileType = wrapper.framework; includeInIndex = 0; path = Pods_VideoTimeLineTests.framework; sourceTree = BUILT_PRODUCTS_DIR; };
/* End PBXFileReference section */

/* Begin PBXFrameworksBuildPhase section */
		785D023C230A4794003545B9 /* Frameworks */ = {
			isa = PBXFrameworksBuildPhase;
			buildActionMask = 2147483647;
			files = (
				7448A753C998D720584D5B60 /* Pods_VideoTimeLine.framework in Frameworks */,
			);
			runOnlyForDeploymentPostprocessing = 0;
		};
		785D0250230A4796003545B9 /* Frameworks */ = {
			isa = PBXFrameworksBuildPhase;
			buildActionMask = 2147483647;
			files = (
				F78605BA58366E04382F6B11 /* Pods_VideoTimeLineTests.framework in Frameworks */,
			);
			runOnlyForDeploymentPostprocessing = 0;
		};
		785D025B230A4796003545B9 /* Frameworks */ = {
			isa = PBXFrameworksBuildPhase;
			buildActionMask = 2147483647;
			files = (
				FB049DDC56754962C009736F /* Pods_VideoTimeLineUITests.framework in Frameworks */,
			);
			runOnlyForDeploymentPostprocessing = 0;
		};
/* End PBXFrameworksBuildPhase section */

/* Begin PBXGroup section */
		1D272998956E6B4439E8EED9 /* Frameworks */ = {
			isa = PBXGroup;
			children = (
				AB887D7E85B4DBB54799D806 /* Pods_VideoTimeLine.framework */,
				F622D0E6F2B004E0F6FD5B72 /* Pods_VideoTimeLineTests.framework */,
				B63554BA5A5F37EAD3540219 /* Pods_VideoTimeLineUITests.framework */,
			);
			name = Frameworks;
			sourceTree = "<group>";
		};
		785D0236230A4794003545B9 = {
			isa = PBXGroup;
			children = (
				785D0241230A4794003545B9 /* VideoTimeLine */,
				785D0256230A4796003545B9 /* VideoTimeLineTests */,
				785D0261230A4796003545B9 /* VideoTimeLineUITests */,
				785D0240230A4794003545B9 /* Products */,
				F5C16C83A2778943D8E2EAF4 /* Pods */,
				1D272998956E6B4439E8EED9 /* Frameworks */,
			);
			sourceTree = "<group>";
		};
		785D0240230A4794003545B9 /* Products */ = {
			isa = PBXGroup;
			children = (
				785D023F230A4794003545B9 /* VideoTimeLine.app */,
				785D0253230A4796003545B9 /* VideoTimeLineTests.xctest */,
				785D025E230A4796003545B9 /* VideoTimeLineUITests.xctest */,
			);
			name = Products;
			sourceTree = "<group>";
		};
		785D0241230A4794003545B9 /* VideoTimeLine */ = {
			isa = PBXGroup;
			children = (
				789B07B0230AC8FB00D938DA /* Owl - 18244.mp4 */,
				7855AE922312731B00A1ADAE /* 588411524.751567.mp4 */,
				785D0242230A4794003545B9 /* AppDelegate.swift */,
				78916E11230E20D3003A1510 /* CircleImage.swift */,
				78F4FE37230B856F00510537 /* HomeTabBarController.swift */,
				785D0246230A4794003545B9 /* Main.storyboard */,
				785D0276230A64EB003545B9 /* FirstViewControllers */,
				78F4FE31230B818300510537 /* HomeViewControllers */,
				785D024B230A4796003545B9 /* LaunchScreen.storyboard */,
				785D0249230A4796003545B9 /* Assets.xcassets */,
				785D024E230A4796003545B9 /* Info.plist */,
				785D0272230A5C69003545B9 /* GoogleService-Info.plist */,
			);
			path = VideoTimeLine;
			sourceTree = "<group>";
		};
		785D0256230A4796003545B9 /* VideoTimeLineTests */ = {
			isa = PBXGroup;
			children = (
				785D0257230A4796003545B9 /* VideoTimeLineTests.swift */,
				785D0259230A4796003545B9 /* Info.plist */,
			);
			path = VideoTimeLineTests;
			sourceTree = "<group>";
		};
		785D0261230A4796003545B9 /* VideoTimeLineUITests */ = {
			isa = PBXGroup;
			children = (
				785D0262230A4796003545B9 /* VideoTimeLineUITests.swift */,
				785D0264230A4796003545B9 /* Info.plist */,
			);
			path = VideoTimeLineUITests;
			sourceTree = "<group>";
		};
		785D0276230A64EB003545B9 /* FirstViewControllers */ = {
			isa = PBXGroup;
			children = (
				785D0244230A4794003545B9 /* ViewController.swift */,
				785D0274230A64D5003545B9 /* LoginViewController.swift */,
				785D027D230A93AD003545B9 /* SignUpViewController.swift */,
				785D0279230A7F0E003545B9 /* Login.storyboard */,
				785D027B230A7F3F003545B9 /* Signup.storyboard */,
			);
			path = FirstViewControllers;
			sourceTree = "<group>";
		};
		78916E03230E03BF003A1510 /* TimeLineControllers */ = {
			isa = PBXGroup;
			children = (
				78F4FE45230BD47300510537 /* TimeLineViewController.swift */,
				78916E19230EB443003A1510 /* TableViewCell.swift */,
				78BBB278230D3E7200BF6A9B /* PostViewController.swift */,
			);
			path = TimeLineControllers;
			sourceTree = "<group>";
		};
		78916E08230E0481003A1510 /* FriendsViewContollers */ = {
			isa = PBXGroup;
			children = (
				78F4FE43230BD36A00510537 /* FriendsViewController.swift */,
				78198E3C230FA6ED00505B7E /* Location.storyboard */,
				78198E3A230FA61400505B7E /* LocationViewController.swift */,
			);
			path = FriendsViewContollers;
			sourceTree = "<group>";
		};
		78DFEED323136FD3005A9031 /* SettingViewControllers */ = {
			isa = PBXGroup;
			children = (
				78F4FE47230BD58E00510537 /* SettingViewController.swift */,
				78916E13230E2538003A1510 /* EditViewController.swift */,
				78916E0F230E1A58003A1510 /* Profile.storyboard */,
				78DFEED423137090005A9031 /* Help.storyboard */,
				78DFEEE02313813F005A9031 /* HelpViewController.swift */,
				78DFEEDA231370E9005A9031 /* Data.storyboard */,
				78DFEEE22313859A005A9031 /* DataViewController.swift */,
				78DFEED8231370C9005A9031 /* Tos.storyboard */,
				78DFEEE4231386DC005A9031 /* TosViewController.swift */,
				78DFEEDC2313711C005A9031 /* Privacy.storyboard */,
				78DFEEE623138BC8005A9031 /* PrivacyViewController.swift */,
			);
			path = SettingViewControllers;
			sourceTree = "<group>";
		};
		78F4FE31230B818300510537 /* HomeViewControllers */ = {
			isa = PBXGroup;
			children = (
				78F4FE39230B8DAE00510537 /* HomeTabBarController.swift */,
				789B07A6230AA5C600D938DA /* Home.storyboard */,
				78916E03230E03BF003A1510 /* TimeLineControllers */,
				78916E08230E0481003A1510 /* FriendsViewContollers */,
				78DFEED323136FD3005A9031 /* SettingViewControllers */,
			);
			path = HomeViewControllers;
			sourceTree = "<group>";
		};
		F5C16C83A2778943D8E2EAF4 /* Pods */ = {
			isa = PBXGroup;
			children = (
				215F94F8B66EF11CA9070A9C /* Pods-VideoTimeLine.debug.xcconfig */,
				B37CBBA58617798FDF3A6621 /* Pods-VideoTimeLine.release.xcconfig */,
				ED702CBD80D05DFC0C52065B /* Pods-VideoTimeLineTests.debug.xcconfig */,
				2D7A7D054578A4AAD95A4A45 /* Pods-VideoTimeLineTests.release.xcconfig */,
				5F39F0606D6552D68721B883 /* Pods-VideoTimeLineUITests.debug.xcconfig */,
				3B5D72E1DF25D863B3C11C37 /* Pods-VideoTimeLineUITests.release.xcconfig */,
			);
			path = Pods;
			sourceTree = "<group>";
		};
/* End PBXGroup section */

/* Begin PBXNativeTarget section */
		785D023E230A4794003545B9 /* VideoTimeLine */ = {
			isa = PBXNativeTarget;
			buildConfigurationList = 785D0267230A4796003545B9 /* Build configuration list for PBXNativeTarget "VideoTimeLine" */;
			buildPhases = (
				0BCE32FDEAF3D58EE226D9F9 /* [CP] Check Pods Manifest.lock */,
				785D023B230A4794003545B9 /* Sources */,
				785D023C230A4794003545B9 /* Frameworks */,
				785D023D230A4794003545B9 /* Resources */,
				6FC72B2AE0535DF301754903 /* [CP] Embed Pods Frameworks */,
				34483AC8606D4835BD8BBE85 /* [CP] Copy Pods Resources */,
			);
			buildRules = (
			);
			dependencies = (
			);
			name = VideoTimeLine;
			productName = VideoTimeLine;
			productReference = 785D023F230A4794003545B9 /* VideoTimeLine.app */;
			productType = "com.apple.product-type.application";
		};
		785D0252230A4796003545B9 /* VideoTimeLineTests */ = {
			isa = PBXNativeTarget;
			buildConfigurationList = 785D026A230A4796003545B9 /* Build configuration list for PBXNativeTarget "VideoTimeLineTests" */;
			buildPhases = (
				C1A1D0B8DB3E0687CD99EC37 /* [CP] Check Pods Manifest.lock */,
				785D024F230A4796003545B9 /* Sources */,
				785D0250230A4796003545B9 /* Frameworks */,
				785D0251230A4796003545B9 /* Resources */,
			);
			buildRules = (
			);
			dependencies = (
				785D0255230A4796003545B9 /* PBXTargetDependency */,
			);
			name = VideoTimeLineTests;
			productName = VideoTimeLineTests;
			productReference = 785D0253230A4796003545B9 /* VideoTimeLineTests.xctest */;
			productType = "com.apple.product-type.bundle.unit-test";
		};
		785D025D230A4796003545B9 /* VideoTimeLineUITests */ = {
			isa = PBXNativeTarget;
			buildConfigurationList = 785D026D230A4796003545B9 /* Build configuration list for PBXNativeTarget "VideoTimeLineUITests" */;
			buildPhases = (
				CB840F0679B969C68511D3DE /* [CP] Check Pods Manifest.lock */,
				785D025A230A4796003545B9 /* Sources */,
				785D025B230A4796003545B9 /* Frameworks */,
				785D025C230A4796003545B9 /* Resources */,
			);
			buildRules = (
			);
			dependencies = (
				785D0260230A4796003545B9 /* PBXTargetDependency */,
			);
			name = VideoTimeLineUITests;
			productName = VideoTimeLineUITests;
			productReference = 785D025E230A4796003545B9 /* VideoTimeLineUITests.xctest */;
			productType = "com.apple.product-type.bundle.ui-testing";
		};
/* End PBXNativeTarget section */

/* Begin PBXProject section */
		785D0237230A4794003545B9 /* Project object */ = {
			isa = PBXProject;
			attributes = {
				LastSwiftUpdateCheck = 1030;
				LastUpgradeCheck = 1030;
				ORGANIZATIONNAME = icannot.t.n;
				TargetAttributes = {
					785D023E230A4794003545B9 = {
						CreatedOnToolsVersion = 10.3;
					};
					785D0252230A4796003545B9 = {
						CreatedOnToolsVersion = 10.3;
						TestTargetID = 785D023E230A4794003545B9;
					};
					785D025D230A4796003545B9 = {
						CreatedOnToolsVersion = 10.3;
						TestTargetID = 785D023E230A4794003545B9;
					};
				};
			};
			buildConfigurationList = 785D023A230A4794003545B9 /* Build configuration list for PBXProject "VideoTimeLine" */;
			compatibilityVersion = "Xcode 9.3";
			developmentRegion = en;
			hasScannedForEncodings = 0;
			knownRegions = (
				en,
				Base,
			);
			mainGroup = 785D0236230A4794003545B9;
			productRefGroup = 785D0240230A4794003545B9 /* Products */;
			projectDirPath = "";
			projectRoot = "";
			targets = (
				785D023E230A4794003545B9 /* VideoTimeLine */,
				785D0252230A4796003545B9 /* VideoTimeLineTests */,
				785D025D230A4796003545B9 /* VideoTimeLineUITests */,
			);
		};
/* End PBXProject section */

/* Begin PBXResourcesBuildPhase section */
		785D023D230A4794003545B9 /* Resources */ = {
			isa = PBXResourcesBuildPhase;
			buildActionMask = 2147483647;
			files = (
				78198E3D230FA6ED00505B7E /* Location.storyboard in Resources */,
				789B07B1230AC8FC00D938DA /* Owl - 18244.mp4 in Resources */,
				78916E10230E1A58003A1510 /* Profile.storyboard in Resources */,
				78DFEEDB231370E9005A9031 /* Data.storyboard in Resources */,
				785D024D230A4796003545B9 /* LaunchScreen.storyboard in Resources */,
				785D024A230A4796003545B9 /* Assets.xcassets in Resources */,
				785D027A230A7F0E003545B9 /* Login.storyboard in Resources */,
				78DFEEDD2313711C005A9031 /* Privacy.storyboard in Resources */,
				785D027C230A7F3F003545B9 /* Signup.storyboard in Resources */,
				78DFEED523137090005A9031 /* Help.storyboard in Resources */,
				78DFEED9231370C9005A9031 /* Tos.storyboard in Resources */,
				785D0248230A4794003545B9 /* Main.storyboard in Resources */,
				7855AE932312731D00A1ADAE /* 588411524.751567.mp4 in Resources */,
				785D0273230A5C6A003545B9 /* GoogleService-Info.plist in Resources */,
				789B07A7230AA5C600D938DA /* Home.storyboard in Resources */,
			);
			runOnlyForDeploymentPostprocessing = 0;
		};
		785D0251230A4796003545B9 /* Resources */ = {
			isa = PBXResourcesBuildPhase;
			buildActionMask = 2147483647;
			files = (
			);
			runOnlyForDeploymentPostprocessing = 0;
		};
		785D025C230A4796003545B9 /* Resources */ = {
			isa = PBXResourcesBuildPhase;
			buildActionMask = 2147483647;
			files = (
			);
			runOnlyForDeploymentPostprocessing = 0;
		};
/* End PBXResourcesBuildPhase section */

/* Begin PBXShellScriptBuildPhase section */
		0BCE32FDEAF3D58EE226D9F9 /* [CP] Check Pods Manifest.lock */ = {
			isa = PBXShellScriptBuildPhase;
			buildActionMask = 2147483647;
			files = (
			);
			inputFileListPaths = (
			);
			inputPaths = (
				"${PODS_PODFILE_DIR_PATH}/Podfile.lock",
				"${PODS_ROOT}/Manifest.lock",
			);
			name = "[CP] Check Pods Manifest.lock";
			outputFileListPaths = (
			);
			outputPaths = (
				"$(DERIVED_FILE_DIR)/Pods-VideoTimeLine-checkManifestLockResult.txt",
			);
			runOnlyForDeploymentPostprocessing = 0;
			shellPath = /bin/sh;
			shellScript = "diff \"${PODS_PODFILE_DIR_PATH}/Podfile.lock\" \"${PODS_ROOT}/Manifest.lock\" > /dev/null\nif [ $? != 0 ] ; then\n    # print error to STDERR\n    echo \"error: The sandbox is not in sync with the Podfile.lock. Run 'pod install' or update your CocoaPods installation.\" >&2\n    exit 1\nfi\n# This output is used by Xcode 'outputs' to avoid re-running this script phase.\necho \"SUCCESS\" > \"${SCRIPT_OUTPUT_FILE_0}\"\n";
			showEnvVarsInLog = 0;
		};
		34483AC8606D4835BD8BBE85 /* [CP] Copy Pods Resources */ = {
			isa = PBXShellScriptBuildPhase;
			buildActionMask = 2147483647;
			files = (
			);
			inputFileListPaths = (
				"${PODS_ROOT}/Target Support Files/Pods-VideoTimeLine/Pods-VideoTimeLine-resources-${CONFIGURATION}-input-files.xcfilelist",
			);
			name = "[CP] Copy Pods Resources";
			outputFileListPaths = (
				"${PODS_ROOT}/Target Support Files/Pods-VideoTimeLine/Pods-VideoTimeLine-resources-${CONFIGURATION}-output-files.xcfilelist",
			);
			runOnlyForDeploymentPostprocessing = 0;
			shellPath = /bin/sh;
			shellScript = "\"${PODS_ROOT}/Target Support Files/Pods-VideoTimeLine/Pods-VideoTimeLine-resources.sh\"\n";
			showEnvVarsInLog = 0;
		};
		6FC72B2AE0535DF301754903 /* [CP] Embed Pods Frameworks */ = {
			isa = PBXShellScriptBuildPhase;
			buildActionMask = 2147483647;
			files = (
			);
			inputFileListPaths = (
				"${PODS_ROOT}/Target Support Files/Pods-VideoTimeLine/Pods-VideoTimeLine-frameworks-${CONFIGURATION}-input-files.xcfilelist",
			);
			name = "[CP] Embed Pods Frameworks";
			outputFileListPaths = (
				"${PODS_ROOT}/Target Support Files/Pods-VideoTimeLine/Pods-VideoTimeLine-frameworks-${CONFIGURATION}-output-files.xcfilelist",
			);
			runOnlyForDeploymentPostprocessing = 0;
			shellPath = /bin/sh;
			shellScript = "\"${PODS_ROOT}/Target Support Files/Pods-VideoTimeLine/Pods-VideoTimeLine-frameworks.sh\"\n";
			showEnvVarsInLog = 0;
		};
		C1A1D0B8DB3E0687CD99EC37 /* [CP] Check Pods Manifest.lock */ = {
			isa = PBXShellScriptBuildPhase;
			buildActionMask = 2147483647;
			files = (
			);
			inputFileListPaths = (
			);
			inputPaths = (
				"${PODS_PODFILE_DIR_PATH}/Podfile.lock",
				"${PODS_ROOT}/Manifest.lock",
			);
			name = "[CP] Check Pods Manifest.lock";
			outputFileListPaths = (
			);
			outputPaths = (
				"$(DERIVED_FILE_DIR)/Pods-VideoTimeLineTests-checkManifestLockResult.txt",
			);
			runOnlyForDeploymentPostprocessing = 0;
			shellPath = /bin/sh;
			shellScript = "diff \"${PODS_PODFILE_DIR_PATH}/Podfile.lock\" \"${PODS_ROOT}/Manifest.lock\" > /dev/null\nif [ $? != 0 ] ; then\n    # print error to STDERR\n    echo \"error: The sandbox is not in sync with the Podfile.lock. Run 'pod install' or update your CocoaPods installation.\" >&2\n    exit 1\nfi\n# This output is used by Xcode 'outputs' to avoid re-running this script phase.\necho \"SUCCESS\" > \"${SCRIPT_OUTPUT_FILE_0}\"\n";
			showEnvVarsInLog = 0;
		};
		CB840F0679B969C68511D3DE /* [CP] Check Pods Manifest.lock */ = {
			isa = PBXShellScriptBuildPhase;
			buildActionMask = 2147483647;
			files = (
			);
			inputFileListPaths = (
			);
			inputPaths = (
				"${PODS_PODFILE_DIR_PATH}/Podfile.lock",
				"${PODS_ROOT}/Manifest.lock",
			);
			name = "[CP] Check Pods Manifest.lock";
			outputFileListPaths = (
			);
			outputPaths = (
				"$(DERIVED_FILE_DIR)/Pods-VideoTimeLineUITests-checkManifestLockResult.txt",
			);
			runOnlyForDeploymentPostprocessing = 0;
			shellPath = /bin/sh;
			shellScript = "diff \"${PODS_PODFILE_DIR_PATH}/Podfile.lock\" \"${PODS_ROOT}/Manifest.lock\" > /dev/null\nif [ $? != 0 ] ; then\n    # print error to STDERR\n    echo \"error: The sandbox is not in sync with the Podfile.lock. Run 'pod install' or update your CocoaPods installation.\" >&2\n    exit 1\nfi\n# This output is used by Xcode 'outputs' to avoid re-running this script phase.\necho \"SUCCESS\" > \"${SCRIPT_OUTPUT_FILE_0}\"\n";
			showEnvVarsInLog = 0;
		};
/* End PBXShellScriptBuildPhase section */

/* Begin PBXSourcesBuildPhase section */
		785D023B230A4794003545B9 /* Sources */ = {
			isa = PBXSourcesBuildPhase;
			buildActionMask = 2147483647;
			files = (
				78916E1B230EB444003A1510 /* TableViewCell.swift in Sources */,
				78BBB279230D3E7200BF6A9B /* PostViewController.swift in Sources */,
				78916E12230E20D4003A1510 /* CircleImage.swift in Sources */,
				785D0245230A4794003545B9 /* ViewController.swift in Sources */,
				78DFEEE12313813F005A9031 /* HelpViewController.swift in Sources */,
				78DFEEE723138BC8005A9031 /* PrivacyViewController.swift in Sources */,
				785D0275230A64D5003545B9 /* LoginViewController.swift in Sources */,
				78F4FE38230B857000510537 /* HomeTabBarController.swift in Sources */,
				78F4FE46230BD47300510537 /* TimeLineViewController.swift in Sources */,
				78916E14230E2538003A1510 /* EditViewController.swift in Sources */,
				78F4FE48230BD58F00510537 /* SettingViewController.swift in Sources */,
				78F4FE44230BD36A00510537 /* FriendsViewController.swift in Sources */,
				785D027E230A93AD003545B9 /* SignUpViewController.swift in Sources */,
				78DFEEE32313859A005A9031 /* DataViewController.swift in Sources */,
				78F4FE3A230B8DAE00510537 /* HomeTabBarController.swift in Sources */,
				78DFEEE5231386DC005A9031 /* TosViewController.swift in Sources */,
				785D0243230A4794003545B9 /* AppDelegate.swift in Sources */,
				78198E3B230FA61400505B7E /* LocationViewController.swift in Sources */,
			);
			runOnlyForDeploymentPostprocessing = 0;
		};
		785D024F230A4796003545B9 /* Sources */ = {
			isa = PBXSourcesBuildPhase;
			buildActionMask = 2147483647;
			files = (
				785D0258230A4796003545B9 /* VideoTimeLineTests.swift in Sources */,
			);
			runOnlyForDeploymentPostprocessing = 0;
		};
		785D025A230A4796003545B9 /* Sources */ = {
			isa = PBXSourcesBuildPhase;
			buildActionMask = 2147483647;
			files = (
				785D0263230A4796003545B9 /* VideoTimeLineUITests.swift in Sources */,
			);
			runOnlyForDeploymentPostprocessing = 0;
		};
/* End PBXSourcesBuildPhase section */

/* Begin PBXTargetDependency section */
		785D0255230A4796003545B9 /* PBXTargetDependency */ = {
			isa = PBXTargetDependency;
			target = 785D023E230A4794003545B9 /* VideoTimeLine */;
			targetProxy = 785D0254230A4796003545B9 /* PBXContainerItemProxy */;
		};
		785D0260230A4796003545B9 /* PBXTargetDependency */ = {
			isa = PBXTargetDependency;
			target = 785D023E230A4794003545B9 /* VideoTimeLine */;
			targetProxy = 785D025F230A4796003545B9 /* PBXContainerItemProxy */;
		};
/* End PBXTargetDependency section */

/* Begin PBXVariantGroup section */
		785D0246230A4794003545B9 /* Main.storyboard */ = {
			isa = PBXVariantGroup;
			children = (
				785D0247230A4794003545B9 /* Base */,
			);
			name = Main.storyboard;
			sourceTree = "<group>";
		};
		785D024B230A4796003545B9 /* LaunchScreen.storyboard */ = {
			isa = PBXVariantGroup;
			children = (
				785D024C230A4796003545B9 /* Base */,
			);
			name = LaunchScreen.storyboard;
			sourceTree = "<group>";
		};
/* End PBXVariantGroup section */

/* Begin XCBuildConfiguration section */
		785D0265230A4796003545B9 /* Debug */ = {
			isa = XCBuildConfiguration;
			buildSettings = {
				ALWAYS_SEARCH_USER_PATHS = NO;
				CLANG_ANALYZER_NONNULL = YES;
				CLANG_ANALYZER_NUMBER_OBJECT_CONVERSION = YES_AGGRESSIVE;
				CLANG_CXX_LANGUAGE_STANDARD = "gnu++14";
				CLANG_CXX_LIBRARY = "libc++";
				CLANG_ENABLE_MODULES = YES;
				CLANG_ENABLE_OBJC_ARC = YES;
				CLANG_ENABLE_OBJC_WEAK = YES;
				CLANG_WARN_BLOCK_CAPTURE_AUTORELEASING = YES;
				CLANG_WARN_BOOL_CONVERSION = YES;
				CLANG_WARN_COMMA = YES;
				CLANG_WARN_CONSTANT_CONVERSION = YES;
				CLANG_WARN_DEPRECATED_OBJC_IMPLEMENTATIONS = YES;
				CLANG_WARN_DIRECT_OBJC_ISA_USAGE = YES_ERROR;
				CLANG_WARN_DOCUMENTATION_COMMENTS = YES;
				CLANG_WARN_EMPTY_BODY = YES;
				CLANG_WARN_ENUM_CONVERSION = YES;
				CLANG_WARN_INFINITE_RECURSION = YES;
				CLANG_WARN_INT_CONVERSION = YES;
				CLANG_WARN_NON_LITERAL_NULL_CONVERSION = YES;
				CLANG_WARN_OBJC_IMPLICIT_RETAIN_SELF = YES;
				CLANG_WARN_OBJC_LITERAL_CONVERSION = YES;
				CLANG_WARN_OBJC_ROOT_CLASS = YES_ERROR;
				CLANG_WARN_RANGE_LOOP_ANALYSIS = YES;
				CLANG_WARN_STRICT_PROTOTYPES = YES;
				CLANG_WARN_SUSPICIOUS_MOVE = YES;
				CLANG_WARN_UNGUARDED_AVAILABILITY = YES_AGGRESSIVE;
				CLANG_WARN_UNREACHABLE_CODE = YES;
				CLANG_WARN__DUPLICATE_METHOD_MATCH = YES;
				CODE_SIGN_IDENTITY = "iPhone Developer";
				COPY_PHASE_STRIP = NO;
				DEBUG_INFORMATION_FORMAT = dwarf;
				ENABLE_STRICT_OBJC_MSGSEND = YES;
				ENABLE_TESTABILITY = YES;
				GCC_C_LANGUAGE_STANDARD = gnu11;
				GCC_DYNAMIC_NO_PIC = NO;
				GCC_NO_COMMON_BLOCKS = YES;
				GCC_OPTIMIZATION_LEVEL = 0;
				GCC_PREPROCESSOR_DEFINITIONS = (
					"DEBUG=1",
					"$(inherited)",
				);
				GCC_WARN_64_TO_32_BIT_CONVERSION = YES;
				GCC_WARN_ABOUT_RETURN_TYPE = YES_ERROR;
				GCC_WARN_UNDECLARED_SELECTOR = YES;
				GCC_WARN_UNINITIALIZED_AUTOS = YES_AGGRESSIVE;
				GCC_WARN_UNUSED_FUNCTION = YES;
				GCC_WARN_UNUSED_VARIABLE = YES;
				IPHONEOS_DEPLOYMENT_TARGET = 12.4;
				MTL_ENABLE_DEBUG_INFO = INCLUDE_SOURCE;
				MTL_FAST_MATH = YES;
				ONLY_ACTIVE_ARCH = YES;
				SDKROOT = iphoneos;
				SWIFT_ACTIVE_COMPILATION_CONDITIONS = DEBUG;
				SWIFT_OPTIMIZATION_LEVEL = "-Onone";
			};
			name = Debug;
		};
		785D0266230A4796003545B9 /* Release */ = {
			isa = XCBuildConfiguration;
			buildSettings = {
				ALWAYS_SEARCH_USER_PATHS = NO;
				CLANG_ANALYZER_NONNULL = YES;
				CLANG_ANALYZER_NUMBER_OBJECT_CONVERSION = YES_AGGRESSIVE;
				CLANG_CXX_LANGUAGE_STANDARD = "gnu++14";
				CLANG_CXX_LIBRARY = "libc++";
				CLANG_ENABLE_MODULES = YES;
				CLANG_ENABLE_OBJC_ARC = YES;
				CLANG_ENABLE_OBJC_WEAK = YES;
				CLANG_WARN_BLOCK_CAPTURE_AUTORELEASING = YES;
				CLANG_WARN_BOOL_CONVERSION = YES;
				CLANG_WARN_COMMA = YES;
				CLANG_WARN_CONSTANT_CONVERSION = YES;
				CLANG_WARN_DEPRECATED_OBJC_IMPLEMENTATIONS = YES;
				CLANG_WARN_DIRECT_OBJC_ISA_USAGE = YES_ERROR;
				CLANG_WARN_DOCUMENTATION_COMMENTS = YES;
				CLANG_WARN_EMPTY_BODY = YES;
				CLANG_WARN_ENUM_CONVERSION = YES;
				CLANG_WARN_INFINITE_RECURSION = YES;
				CLANG_WARN_INT_CONVERSION = YES;
				CLANG_WARN_NON_LITERAL_NULL_CONVERSION = YES;
				CLANG_WARN_OBJC_IMPLICIT_RETAIN_SELF = YES;
				CLANG_WARN_OBJC_LITERAL_CONVERSION = YES;
				CLANG_WARN_OBJC_ROOT_CLASS = YES_ERROR;
				CLANG_WARN_RANGE_LOOP_ANALYSIS = YES;
				CLANG_WARN_STRICT_PROTOTYPES = YES;
				CLANG_WARN_SUSPICIOUS_MOVE = YES;
				CLANG_WARN_UNGUARDED_AVAILABILITY = YES_AGGRESSIVE;
				CLANG_WARN_UNREACHABLE_CODE = YES;
				CLANG_WARN__DUPLICATE_METHOD_MATCH = YES;
				CODE_SIGN_IDENTITY = "iPhone Developer";
				COPY_PHASE_STRIP = NO;
				DEBUG_INFORMATION_FORMAT = "dwarf-with-dsym";
				ENABLE_NS_ASSERTIONS = NO;
				ENABLE_STRICT_OBJC_MSGSEND = YES;
				GCC_C_LANGUAGE_STANDARD = gnu11;
				GCC_NO_COMMON_BLOCKS = YES;
				GCC_WARN_64_TO_32_BIT_CONVERSION = YES;
				GCC_WARN_ABOUT_RETURN_TYPE = YES_ERROR;
				GCC_WARN_UNDECLARED_SELECTOR = YES;
				GCC_WARN_UNINITIALIZED_AUTOS = YES_AGGRESSIVE;
				GCC_WARN_UNUSED_FUNCTION = YES;
				GCC_WARN_UNUSED_VARIABLE = YES;
				IPHONEOS_DEPLOYMENT_TARGET = 12.4;
				MTL_ENABLE_DEBUG_INFO = NO;
				MTL_FAST_MATH = YES;
				SDKROOT = iphoneos;
				SWIFT_COMPILATION_MODE = wholemodule;
				SWIFT_OPTIMIZATION_LEVEL = "-O";
				VALIDATE_PRODUCT = YES;
			};
			name = Release;
		};
		785D0268230A4796003545B9 /* Debug */ = {
			isa = XCBuildConfiguration;
			baseConfigurationReference = 215F94F8B66EF11CA9070A9C /* Pods-VideoTimeLine.debug.xcconfig */;
			buildSettings = {
				ASSETCATALOG_COMPILER_APPICON_NAME = AppIcon;
				CODE_SIGN_STYLE = Automatic;
				INFOPLIST_FILE = VideoTimeLine/Info.plist;
				LD_RUNPATH_SEARCH_PATHS = (
					"$(inherited)",
					"@executable_path/Frameworks",
				);
				PRODUCT_BUNDLE_IDENTIFIER = com.icannot.t.n.VideoTimeLine;
				PRODUCT_NAME = "$(TARGET_NAME)";
				SWIFT_VERSION = 5.0;
				TARGETED_DEVICE_FAMILY = "1,2";
			};
			name = Debug;
		};
		785D0269230A4796003545B9 /* Release */ = {
			isa = XCBuildConfiguration;
			baseConfigurationReference = B37CBBA58617798FDF3A6621 /* Pods-VideoTimeLine.release.xcconfig */;
			buildSettings = {
				ASSETCATALOG_COMPILER_APPICON_NAME = AppIcon;
				CODE_SIGN_STYLE = Automatic;
				INFOPLIST_FILE = VideoTimeLine/Info.plist;
				LD_RUNPATH_SEARCH_PATHS = (
					"$(inherited)",
					"@executable_path/Frameworks",
				);
				PRODUCT_BUNDLE_IDENTIFIER = com.icannot.t.n.VideoTimeLine;
				PRODUCT_NAME = "$(TARGET_NAME)";
				SWIFT_VERSION = 5.0;
				TARGETED_DEVICE_FAMILY = "1,2";
			};
			name = Release;
		};
		785D026B230A4796003545B9 /* Debug */ = {
			isa = XCBuildConfiguration;
			baseConfigurationReference = ED702CBD80D05DFC0C52065B /* Pods-VideoTimeLineTests.debug.xcconfig */;
			buildSettings = {
				ALWAYS_EMBED_SWIFT_STANDARD_LIBRARIES = YES;
				BUNDLE_LOADER = "$(TEST_HOST)";
				CODE_SIGN_STYLE = Automatic;
				INFOPLIST_FILE = VideoTimeLineTests/Info.plist;
				LD_RUNPATH_SEARCH_PATHS = (
					"$(inherited)",
					"@executable_path/Frameworks",
					"@loader_path/Frameworks",
				);
				PRODUCT_BUNDLE_IDENTIFIER = com.icannot.t.n.VideoTimeLineTests;
				PRODUCT_NAME = "$(TARGET_NAME)";
				SWIFT_VERSION = 5.0;
				TARGETED_DEVICE_FAMILY = "1,2";
				TEST_HOST = "$(BUILT_PRODUCTS_DIR)/VideoTimeLine.app/VideoTimeLine";
			};
			name = Debug;
		};
		785D026C230A4796003545B9 /* Release */ = {
			isa = XCBuildConfiguration;
			baseConfigurationReference = 2D7A7D054578A4AAD95A4A45 /* Pods-VideoTimeLineTests.release.xcconfig */;
			buildSettings = {
				ALWAYS_EMBED_SWIFT_STANDARD_LIBRARIES = YES;
				BUNDLE_LOADER = "$(TEST_HOST)";
				CODE_SIGN_STYLE = Automatic;
				INFOPLIST_FILE = VideoTimeLineTests/Info.plist;
				LD_RUNPATH_SEARCH_PATHS = (
					"$(inherited)",
					"@executable_path/Frameworks",
					"@loader_path/Frameworks",
				);
				PRODUCT_BUNDLE_IDENTIFIER = com.icannot.t.n.VideoTimeLineTests;
				PRODUCT_NAME = "$(TARGET_NAME)";
				SWIFT_VERSION = 5.0;
				TARGETED_DEVICE_FAMILY = "1,2";
				TEST_HOST = "$(BUILT_PRODUCTS_DIR)/VideoTimeLine.app/VideoTimeLine";
			};
			name = Release;
		};
		785D026E230A4796003545B9 /* Debug */ = {
			isa = XCBuildConfiguration;
			baseConfigurationReference = 5F39F0606D6552D68721B883 /* Pods-VideoTimeLineUITests.debug.xcconfig */;
			buildSettings = {
				ALWAYS_EMBED_SWIFT_STANDARD_LIBRARIES = YES;
				CODE_SIGN_STYLE = Automatic;
				INFOPLIST_FILE = VideoTimeLineUITests/Info.plist;
				LD_RUNPATH_SEARCH_PATHS = (
					"$(inherited)",
					"@executable_path/Frameworks",
					"@loader_path/Frameworks",
				);
				PRODUCT_BUNDLE_IDENTIFIER = com.icannot.t.n.VideoTimeLineUITests;
				PRODUCT_NAME = "$(TARGET_NAME)";
				SWIFT_VERSION = 5.0;
				TARGETED_DEVICE_FAMILY = "1,2";
				TEST_TARGET_NAME = VideoTimeLine;
			};
			name = Debug;
		};
		785D026F230A4796003545B9 /* Release */ = {
			isa = XCBuildConfiguration;
			baseConfigurationReference = 3B5D72E1DF25D863B3C11C37 /* Pods-VideoTimeLineUITests.release.xcconfig */;
			buildSettings = {
				ALWAYS_EMBED_SWIFT_STANDARD_LIBRARIES = YES;
				CODE_SIGN_STYLE = Automatic;
				INFOPLIST_FILE = VideoTimeLineUITests/Info.plist;
				LD_RUNPATH_SEARCH_PATHS = (
					"$(inherited)",
					"@executable_path/Frameworks",
					"@loader_path/Frameworks",
				);
				PRODUCT_BUNDLE_IDENTIFIER = com.icannot.t.n.VideoTimeLineUITests;
				PRODUCT_NAME = "$(TARGET_NAME)";
				SWIFT_VERSION = 5.0;
				TARGETED_DEVICE_FAMILY = "1,2";
				TEST_TARGET_NAME = VideoTimeLine;
			};
			name = Release;
		};
/* End XCBuildConfiguration section */

/* Begin XCConfigurationList section */
		785D023A230A4794003545B9 /* Build configuration list for PBXProject "VideoTimeLine" */ = {
			isa = XCConfigurationList;
			buildConfigurations = (
				785D0265230A4796003545B9 /* Debug */,
				785D0266230A4796003545B9 /* Release */,
			);
			defaultConfigurationIsVisible = 0;
			defaultConfigurationName = Release;
		};
		785D0267230A4796003545B9 /* Build configuration list for PBXNativeTarget "VideoTimeLine" */ = {
			isa = XCConfigurationList;
			buildConfigurations = (
				785D0268230A4796003545B9 /* Debug */,
				785D0269230A4796003545B9 /* Release */,
			);
			defaultConfigurationIsVisible = 0;
			defaultConfigurationName = Release;
		};
		785D026A230A4796003545B9 /* Build configuration list for PBXNativeTarget "VideoTimeLineTests" */ = {
			isa = XCConfigurationList;
			buildConfigurations = (
				785D026B230A4796003545B9 /* Debug */,
				785D026C230A4796003545B9 /* Release */,
			);
			defaultConfigurationIsVisible = 0;
			defaultConfigurationName = Release;
		};
		785D026D230A4796003545B9 /* Build configuration list for PBXNativeTarget "VideoTimeLineUITests" */ = {
			isa = XCConfigurationList;
			buildConfigurations = (
				785D026E230A4796003545B9 /* Debug */,
				785D026F230A4796003545B9 /* Release */,
			);
			defaultConfigurationIsVisible = 0;
			defaultConfigurationName = Release;
		};
/* End XCConfigurationList section */
	};
	rootObject = 785D0237230A4794003545B9 /* Project object */;
}
